
Microsoft Visual Studio Solution File, Format Version 12.00
# Visual Studio Version 16
VisualStudioVersion = 16.0.30413.136
MinimumVisualStudioVersion = 10.0.40219.1
Project("{FAE04EC0-301F-11D3-BF4B-00C04F79EFBC}") = "Shop", "Shop.csproj", "{B70BC10E-38B5-4015-8DBC-6F8E35C008B8}"
EndProject
Global
	GlobalSection(SolutionConfigurationPlatforms) = preSolution
		Debug|Any CPU = Debug|Any CPU
		Release|Any CPU = Release|Any CPU
	EndGlobalSection
	GlobalSection(ProjectConfigurationPlatforms) = postSolution
		{B70BC10E-38B5-4015-8DBC-6F8E35C008B8}.Debug|Any CPU.ActiveCfg = Debug|Any CPU
		{B70BC10E-38B5-4015-8DBC-6F8E35C008B8}.Debug|Any CPU.Build.0 = Debug|Any CPU
		{B70BC10E-38B5-4015-8DBC-6F8E35C008B8}.Release|Any CPU.ActiveCfg = Release|Any CPU
		{B70BC10E-38B5-4015-8DBC-6F8E35C008B8}.Release|Any CPU.Build.0 = Release|Any CPU
	EndGlobalSection
	GlobalSection(SolutionProperties) = preSolution
		HideSolutionNode = FALSE
	EndGlobalSection
	GlobalSection(ExtensibilityGlobals) = postSolution
		SolutionGuid = {F88B6B6A-1417-466A-95D3-4D2FDA2E373D}
	EndGlobalSection
EndGlobal
